
Microsoft Visual Studio Solution File, Format Version 12.00
# Visual Studio Version 17
VisualStudioVersion = 17.14.36408.4 d17.14
MinimumVisualStudioVersion = 10.0.40219.1
Project("{FAE04EC0-301F-11D3-BF4B-00C04F79EFBC}") = "JobTracker.Application", "JobTracker.Application.csproj", "{C7F66703-9136-4CC8-B45B-0D40F3F16621}"
EndProject
Project("{FAE04EC0-301F-11D3-BF4B-00C04F79EFBC}") = "JobTracker.API", "..\WatchStore.API\JobTracker.API.csproj", "{4C165499-B8EB-4E46-98B1-D937A5AEB8EF}"
EndProject
Project("{FAE04EC0-301F-11D3-BF4B-00C04F79EFBC}") = "JobTracker.Domain", "..\JobTracker.Domain\JobTracker.Domain.csproj", "{49A147F0-C145-4F47-8490-045BA5908092}"
EndProject
Project("{FAE04EC0-301F-11D3-BF4B-00C04F79EFBC}") = "JobTracker.Infrastructure", "..\JobTracker.Infrastructure\JobTracker.Infrastructure.csproj", "{7DD181CF-E342-403C-9AF0-66F88D39CC8F}"
EndProject
Global
	GlobalSection(SolutionConfigurationPlatforms) = preSolution
		Debug|Any CPU = Debug|Any CPU
		Release|Any CPU = Release|Any CPU
	EndGlobalSection
	GlobalSection(ProjectConfigurationPlatforms) = postSolution
		{C7F66703-9136-4CC8-B45B-0D40F3F16621}.Debug|Any CPU.ActiveCfg = Debug|Any CPU
		{C7F66703-9136-4CC8-B45B-0D40F3F16621}.Debug|Any CPU.Build.0 = Debug|Any CPU
		{C7F66703-9136-4CC8-B45B-0D40F3F16621}.Release|Any CPU.ActiveCfg = Release|Any CPU
		{C7F66703-9136-4CC8-B45B-0D40F3F16621}.Release|Any CPU.Build.0 = Release|Any CPU
		{4C165499-B8EB-4E46-98B1-D937A5AEB8EF}.Debug|Any CPU.ActiveCfg = Debug|Any CPU
		{4C165499-B8EB-4E46-98B1-D937A5AEB8EF}.Debug|Any CPU.Build.0 = Debug|Any CPU
		{4C165499-B8EB-4E46-98B1-D937A5AEB8EF}.Release|Any CPU.ActiveCfg = Release|Any CPU
		{4C165499-B8EB-4E46-98B1-D937A5AEB8EF}.Release|Any CPU.Build.0 = Release|Any CPU
		{49A147F0-C145-4F47-8490-045BA5908092}.Debug|Any CPU.ActiveCfg = Debug|Any CPU
		{49A147F0-C145-4F47-8490-045BA5908092}.Debug|Any CPU.Build.0 = Debug|Any CPU
		{49A147F0-C145-4F47-8490-045BA5908092}.Release|Any CPU.ActiveCfg = Release|Any CPU
		{49A147F0-C145-4F47-8490-045BA5908092}.Release|Any CPU.Build.0 = Release|Any CPU
		{7DD181CF-E342-403C-9AF0-66F88D39CC8F}.Debug|Any CPU.ActiveCfg = Debug|Any CPU
		{7DD181CF-E342-403C-9AF0-66F88D39CC8F}.Debug|Any CPU.Build.0 = Debug|Any CPU
		{7DD181CF-E342-403C-9AF0-66F88D39CC8F}.Release|Any CPU.ActiveCfg = Release|Any CPU
		{7DD181CF-E342-403C-9AF0-66F88D39CC8F}.Release|Any CPU.Build.0 = Release|Any CPU
	EndGlobalSection
	GlobalSection(SolutionProperties) = preSolution
		HideSolutionNode = FALSE
	EndGlobalSection
	GlobalSection(ExtensibilityGlobals) = postSolution
		SolutionGuid = {841B4388-EEE5-4022-AF9B-97DEDFC3C26D}
	EndGlobalSection
EndGlobal
